
Microsoft Visual Studio Solution File, Format Version 12.00
# Visual Studio Version 16
VisualStudioVersion = 16.0.30517.126
MinimumVisualStudioVersion = 10.0.40219.1
Project("{9A19103F-16F7-4668-BE54-9A1E7A4F7556}") = "Proj01 - Tipos básicos", "Proj01 - Tipos básicos\Proj01 - Tipos básicos.csproj", "{50CDAB6E-DB13-42BF-B792-E7C3C2A4E0CF}"
EndProject
Project("{9A19103F-16F7-4668-BE54-9A1E7A4F7556}") = "Proj02 - Saida de dados", "Proj02 - Saida de dados\Proj02 - Saida de dados.csproj", "{306E14D2-40B5-4827-B189-1C92ECFBB375}"
EndProject
Project("{9A19103F-16F7-4668-BE54-9A1E7A4F7556}") = "Proj03 - Operadores Aritméticos", "Proj03 - Operadores Aritméticos\Proj03 - Operadores Aritméticos.csproj", "{D1C55314-DF1E-4D84-9BE6-F858A9A4FAF1}"
EndProject
Project("{9A19103F-16F7-4668-BE54-9A1E7A4F7556}") = "Proj04 - Operadores Atribuição", "Proj04 - Operadores Atribuição\Proj04 - Operadores Atribuição.csproj", "{766B8B84-AB5D-45D6-9DB2-9C4DF1964C81}"
EndProject
Project("{9A19103F-16F7-4668-BE54-9A1E7A4F7556}") = "Proj05 - Conversão implícita e casting", "Proj05 - Conversão implícita e casting\Proj05 - Conversão implícita e casting.csproj", "{FAF63FE6-1BA4-44C0-AC90-3CDC95B3DD94}"
EndProject
Project("{9A19103F-16F7-4668-BE54-9A1E7A4F7556}") = "Proj06 - Entrada de Dados", "Proj06 - Entrada de Dados 01\Proj06 - Entrada de Dados.csproj", "{156B4B61-298B-4303-8CE1-BF46610D5BA3}"
EndProject
Project("{9A19103F-16F7-4668-BE54-9A1E7A4F7556}") = "Proj07 - Operadores comparativos", "Proj07 - Operadores comparativos\Proj07 - Operadores comparativos.csproj", "{494F1D61-4FBE-4515-B865-E8BABFAF1AAE}"
EndProject
Project("{9A19103F-16F7-4668-BE54-9A1E7A4F7556}") = "Proj08 - Operadores Lógicos", "Proj08 - Operadores Lógicos\Proj08 - Operadores Lógicos.csproj", "{C9C94CE2-2172-4CE0-81F1-F4190565D36F}"
EndProject
Project("{9A19103F-16F7-4668-BE54-9A1E7A4F7556}") = "Proj09 - Estrutura If-Else", "Proj09 - Estrutura Condicional\Proj09 - Estrutura If-Else.csproj", "{83C09484-5771-4210-90D7-546AB79F4A80}"
EndProject
Project("{9A19103F-16F7-4668-BE54-9A1E7A4F7556}") = "Proj10 - Funções Sintaxe", "Proj10 - Funções Sintaxe\Proj10 - Funções Sintaxe.csproj", "{F6659380-CE25-448C-9DAC-17A6CF6C88C2}"
EndProject
Project("{9A19103F-16F7-4668-BE54-9A1E7A4F7556}") = "Proj11 - Estrutura While", "Proj11 - Estrutura While\Proj11 - Estrutura While.csproj", "{F676C855-E04D-4207-A9D8-2E25FF7B039D}"
EndProject
Project("{9A19103F-16F7-4668-BE54-9A1E7A4F7556}") = "Proj12 - Estrutura For", "Proj12 - Estrutura For\Proj12 - Estrutura For.csproj", "{EEE3465E-B50C-4AFB-B4D2-9D35ADF9F577}"
EndProject
Project("{9A19103F-16F7-4668-BE54-9A1E7A4F7556}") = "Proj14 - Classes", "Proj14 - Classes\Proj14 - Classes.csproj", "{E952E703-17E5-4D9F-B67E-177223A9C69A}"
EndProject
Project("{9A19103F-16F7-4668-BE54-9A1E7A4F7556}") = "Proj15 - Metodos", "Proj14 - Metodos\Proj15 - Metodos.csproj", "{4FE697A5-F35D-45A4-A3FD-EBBC36AC6E83}"
EndProject
Project("{9A19103F-16F7-4668-BE54-9A1E7A4F7556}") = "Proj16 - Object e ToString", "Proj15 - Object e ToString\Proj16 - Object e ToString.csproj", "{46384BDA-F227-45C2-A848-33557ED0ABFE}"
EndProject
Project("{9A19103F-16F7-4668-BE54-9A1E7A4F7556}") = "Proj17 - Membros Estáticos", "Proj17 - Membros Estáticos\Proj17 - Membros Estáticos.csproj", "{B224DAAC-6F1E-4E09-8DEE-24836FEE24B9}"
EndProject
Project("{9A19103F-16F7-4668-BE54-9A1E7A4F7556}") = "Proj18 - Construtores", "Proj18 - Construtores\Proj18 - Construtores.csproj", "{F21E5D72-0816-4430-B5E6-B7E731BEE073}"
EndProject
Project("{9A19103F-16F7-4668-BE54-9A1E7A4F7556}") = "Proj19 - Sobrecarga", "Proj19 - Sobrecarga\Proj19 - Sobrecarga.csproj", "{73A9B392-F47A-472A-9F95-2C8C13B5AC68}"
EndProject
Project("{9A19103F-16F7-4668-BE54-9A1E7A4F7556}") = "Proj20 - Construtores - Sintaxe alternativa", "Proj20 - Construtores - Sintaxe alternativa\Proj20 - Construtores - Sintaxe alternativa.csproj", "{A4E5585B-3978-4D3E-A2FE-22C3593F2982}"
EndProject
Project("{9A19103F-16F7-4668-BE54-9A1E7A4F7556}") = "Proj21 - This", "Proj21 - This\Proj21 - This.csproj", "{129E5AA3-EC1A-4A39-BFD7-EAE946E1166D}"
EndProject
Project("{9A19103F-16F7-4668-BE54-9A1E7A4F7556}") = "Proj22 - Encapsulamento", "Proj22 - Encapsulamento\Proj22 - Encapsulamento.csproj", "{146E7B75-DEE6-4E52-A3B4-F5018A8D4517}"
EndProject
Project("{2150E333-8FDC-42A3-9474-1A3956D46DE8}") = "06 - Vetores", "06 - Vetores", "{71407C31-DFA1-4C16-8C20-7AAEBA006E74}"
EndProject
Project("{9A19103F-16F7-4668-BE54-9A1E7A4F7556}") = "Proj01 - Vetores", "Proj01 - Vetores\Proj01 - Vetores.csproj", "{2ADC6F65-08C3-482B-AF53-C441F4553A3C}"
EndProject
Project("{9A19103F-16F7-4668-BE54-9A1E7A4F7556}") = "Proj02 - Vetores", "Proj02 - Vetor\Proj02 - Vetores.csproj", "{D8C8DF44-C124-4DC2-B2F5-9A33EF7075BF}"
EndProject
Project("{9A19103F-16F7-4668-BE54-9A1E7A4F7556}") = "Proj03 -  Vetores Exercicios", "Proj03 -  Vetores Exercicios\Proj03 -  Vetores Exercicios.csproj", "{043569D2-2DBE-4119-87C7-4266C051F9B5}"
EndProject
Project("{9A19103F-16F7-4668-BE54-9A1E7A4F7556}") = "Proj23 - Params", "Proj01 - Params\Proj23 - Params.csproj", "{6A5000FD-F7F4-49CD-9A44-AA079D5437F1}"
EndProject
Project("{9A19103F-16F7-4668-BE54-9A1E7A4F7556}") = "Proj24 - Params", "Proj02 - Params\Proj24 - Params.csproj", "{7308A2C4-CC82-48E0-B710-D0F215A00292}"
EndProject
Project("{9A19103F-16F7-4668-BE54-9A1E7A4F7556}") = "Proj25 - Params", "Proj03 - Params\Proj25 - Params.csproj", "{918370CD-9828-4858-B4EE-CFAD7BB8A14A}"
EndProject
Project("{9A19103F-16F7-4668-BE54-9A1E7A4F7556}") = "Proj26 - Ref e Out", "Proj01 - Ref e Out\Proj26 - Ref e Out.csproj", "{0FA93932-CA3F-4A50-AA25-02EEA884BAE6}"
EndProject
Project("{9A19103F-16F7-4668-BE54-9A1E7A4F7556}") = "Proj27 - Ref e Out", "Proj02 - Ref e Out\Proj27 - Ref e Out.csproj", "{BEFD3B11-EBE7-4DF3-90FE-CD48174C59B7}"
EndProject
Project("{9A19103F-16F7-4668-BE54-9A1E7A4F7556}") = "Proj13 - ForEach", "Proj01 - ForEach\Proj13 - ForEach.csproj", "{BA092CE1-8664-4042-9F82-85F664D3B7F1}"
EndProject
Project("{2150E333-8FDC-42A3-9474-1A3956D46DE8}") = "List", "List", "{6DD13A74-8CC9-49A2-AEA4-54E98B510DCE}"
EndProject
Project("{9A19103F-16F7-4668-BE54-9A1E7A4F7556}") = "Proj01 - List", "Proj01 - List\Proj01 - List.csproj", "{49A6C7DA-C4C5-456A-8578-6622A324191F}"
EndProject
Project("{9A19103F-16F7-4668-BE54-9A1E7A4F7556}") = "Proj02 - List", "Proj02 - List\Proj02 - List.csproj", "{F01ACDF0-BBA6-4F29-B27B-5D328E0D823B}"
EndProject
Project("{9A19103F-16F7-4668-BE54-9A1E7A4F7556}") = "Exerc01 - List", "Exerc01 - List\Exerc01 - List.csproj", "{9A2F4B8D-540E-4B8C-9D84-99FF6BB0984B}"
EndProject
Project("{9A19103F-16F7-4668-BE54-9A1E7A4F7556}") = "Exerc02 - List", "Exerc02 - List\Exerc02 - List.csproj", "{E7561805-D9D1-4AC5-A562-0E7342011917}"
EndProject
Project("{2150E333-8FDC-42A3-9474-1A3956D46DE8}") = "Matrizes", "Matrizes", "{E199E465-C0B2-4F0E-BB17-BC8204149700}"
EndProject
Project("{9A19103F-16F7-4668-BE54-9A1E7A4F7556}") = "Proj01 - Matriz", "Proj01 - Matriz\Proj01 - Matriz.csproj", "{8F4D126B-B4AA-41F7-9B81-3A7325D1C939}"
EndProject
Project("{9A19103F-16F7-4668-BE54-9A1E7A4F7556}") = "Exerc01 - Matriz", "Exerc01 - Matriz\Exerc01 - Matriz.csproj", "{0ADDFCDD-79F3-4711-B3F0-66B205A37AA1}"
EndProject
Project("{9A19103F-16F7-4668-BE54-9A1E7A4F7556}") = "Exerc02 - Matriz", "Exec02 - Matriz\Exerc02 - Matriz.csproj", "{727A8E87-01A9-42A0-BC08-0723B55A33C8}"
EndProject
Project("{9A19103F-16F7-4668-BE54-9A1E7A4F7556}") = "Exerc03 - Matriz", "Exerc03 - Matriz\Exerc03 - Matriz.csproj", "{9B01A6B0-F9F3-4C12-B5BD-A370CDD8E41C}"
EndProject
Project("{2150E333-8FDC-42A3-9474-1A3956D46DE8}") = "Conjunto", "Conjunto", "{6E62957D-22C2-444D-A732-E208C705DA12}"
EndProject
Project("{9A19103F-16F7-4668-BE54-9A1E7A4F7556}") = "Proj01 - Conjunto", "Proj01 - Conjunto\Proj01 - Conjunto.csproj", "{F4E5B384-4282-4601-BB13-E9AF9D44B872}"
EndProject
Project("{9A19103F-16F7-4668-BE54-9A1E7A4F7556}") = "Exerc01 - Conjunto", "Exerc01 - Conjunto\Exerc01 - Conjunto.csproj", "{EEE81646-4990-491A-AEC5-40414FC6419D}"
EndProject
Project("{2150E333-8FDC-42A3-9474-1A3956D46DE8}") = "01 - Tipos Basicos", "01 - Tipos Basicos", "{DF822C6E-7437-4DEA-A335-AA33379D7782}"
EndProject
Project("{2150E333-8FDC-42A3-9474-1A3956D46DE8}") = "02 - Saida e entrada de Dados", "02 - Saida e entrada de Dados", "{8F33E570-CCFD-4B38-915F-069D911E80FF}"
EndProject
Project("{2150E333-8FDC-42A3-9474-1A3956D46DE8}") = "03 - Operadores", "03 - Operadores", "{D99DB40A-0983-47A4-84E7-B4454B17486C}"
EndProject
Project("{2150E333-8FDC-42A3-9474-1A3956D46DE8}") = "04 - Estruturas", "04 - Estruturas", "{CC029F07-638E-4D8D-AE44-B58A1351FC57}"
EndProject
Project("{2150E333-8FDC-42A3-9474-1A3956D46DE8}") = "05 - Classes", "05 - Classes", "{E2DC10F9-591E-4F77-A0D1-AA0519DBEB57}"
EndProject
Project("{2150E333-8FDC-42A3-9474-1A3956D46DE8}") = "07 - Listagem", "07 - Listagem", "{2E226CDE-0486-4892-ABE8-18FC5BAB0AE8}"
EndProject
Project("{9A19103F-16F7-4668-BE54-9A1E7A4F7556}") = "Proj06 - String Funções", "Proj01 - String Funções\Proj06 - String Funções.csproj", "{D8C58C5F-A519-409B-A98A-6FA65BACC38A}"
EndProject
Project("{9A19103F-16F7-4668-BE54-9A1E7A4F7556}") = "Proj14 - Switch-Case", "Proj01 - Switch-Case\Proj14 - Switch-Case.csproj", "{0155C102-71AA-4465-9F8A-06391521627A}"
EndProject
Project("{9A19103F-16F7-4668-BE54-9A1E7A4F7556}") = "Proj15 - Condicional Ternária", "Proj15 - Condicional Ternária\Proj15 - Condicional Ternária.csproj", "{47700194-D216-4648-8B13-73E69FE73363}"
EndProject
Project("{9A19103F-16F7-4668-BE54-9A1E7A4F7556}") = "Proj23 - Properties", "Proj23 - Properties\Proj23 - Properties.csproj", "{C46AE6D9-009A-4528-BC08-79FD295EEBB3}"
EndProject
Project("{9A19103F-16F7-4668-BE54-9A1E7A4F7556}") = "Proj24 - Auto-Properties", "Proj24 - Auto-Properties\Proj24 - Auto-Properties.csproj", "{FD044D03-CDAE-479B-BECE-C0D4EEB22BA4}"
EndProject
Project("{9A19103F-16F7-4668-BE54-9A1E7A4F7556}") = "Proj01 - DateTime", "Proj01 - DateTime\Proj01 - DateTime.csproj", "{3E86F857-B43F-4C4B-9BA4-9FF2E50A714C}"
EndProject
Project("{9A19103F-16F7-4668-BE54-9A1E7A4F7556}") = "Proj02 - TimeSpan", "Proj02 - TimeSpan\Proj02 - TimeSpan.csproj", "{D4D21B00-F3FD-4DFA-96EB-005AD1FB6096}"
EndProject
Project("{9A19103F-16F7-4668-BE54-9A1E7A4F7556}") = "Proj02 - DateTime", "Proj02 - DateTime\Proj02 - DateTime.csproj", "{C6E03C04-C6AD-4FA0-A650-3EFBE872CC56}"
EndProject
Project("{FAE04EC0-301F-11D3-BF4B-00C04F79EFBC}") = "Proj01 - TimeSpan", "Proj01 - TimeSpan\Proj01 - TimeSpan.csproj", "{C29796F8-C492-4FA2-B60E-AE5093ADF30C}"
EndProject
Project("{FAE04EC0-301F-11D3-BF4B-00C04F79EFBC}") = "Proj01 - DateTimeKind", "Proj01 - DateTimeKind\Proj01 - DateTimeKind.csproj", "{8C44AE7F-E168-422A-9EE4-AA4A592368B7}"
EndProject
Project("{2150E333-8FDC-42A3-9474-1A3956D46DE8}") = "08  - DateTIme", "08  - DateTIme", "{62874A6D-EB0F-4032-AC84-CF7471BBB68D}"
EndProject
Global
	GlobalSection(SolutionConfigurationPlatforms) = preSolution
		Debug|Any CPU = Debug|Any CPU
		Release|Any CPU = Release|Any CPU
	EndGlobalSection
	GlobalSection(ProjectConfigurationPlatforms) = postSolution
		{50CDAB6E-DB13-42BF-B792-E7C3C2A4E0CF}.Debug|Any CPU.ActiveCfg = Debug|Any CPU
		{50CDAB6E-DB13-42BF-B792-E7C3C2A4E0CF}.Debug|Any CPU.Build.0 = Debug|Any CPU
		{50CDAB6E-DB13-42BF-B792-E7C3C2A4E0CF}.Release|Any CPU.ActiveCfg = Release|Any CPU
		{50CDAB6E-DB13-42BF-B792-E7C3C2A4E0CF}.Release|Any CPU.Build.0 = Release|Any CPU
		{306E14D2-40B5-4827-B189-1C92ECFBB375}.Debug|Any CPU.ActiveCfg = Debug|Any CPU
		{306E14D2-40B5-4827-B189-1C92ECFBB375}.Debug|Any CPU.Build.0 = Debug|Any CPU
		{306E14D2-40B5-4827-B189-1C92ECFBB375}.Release|Any CPU.ActiveCfg = Release|Any CPU
		{306E14D2-40B5-4827-B189-1C92ECFBB375}.Release|Any CPU.Build.0 = Release|Any CPU
		{D1C55314-DF1E-4D84-9BE6-F858A9A4FAF1}.Debug|Any CPU.ActiveCfg = Debug|Any CPU
		{D1C55314-DF1E-4D84-9BE6-F858A9A4FAF1}.Debug|Any CPU.Build.0 = Debug|Any CPU
		{D1C55314-DF1E-4D84-9BE6-F858A9A4FAF1}.Release|Any CPU.ActiveCfg = Release|Any CPU
		{D1C55314-DF1E-4D84-9BE6-F858A9A4FAF1}.Release|Any CPU.Build.0 = Release|Any CPU
		{766B8B84-AB5D-45D6-9DB2-9C4DF1964C81}.Debug|Any CPU.ActiveCfg = Debug|Any CPU
		{766B8B84-AB5D-45D6-9DB2-9C4DF1964C81}.Debug|Any CPU.Build.0 = Debug|Any CPU
		{766B8B84-AB5D-45D6-9DB2-9C4DF1964C81}.Release|Any CPU.ActiveCfg = Release|Any CPU
		{766B8B84-AB5D-45D6-9DB2-9C4DF1964C81}.Release|Any CPU.Build.0 = Release|Any CPU
		{FAF63FE6-1BA4-44C0-AC90-3CDC95B3DD94}.Debug|Any CPU.ActiveCfg = Debug|Any CPU
		{FAF63FE6-1BA4-44C0-AC90-3CDC95B3DD94}.Debug|Any CPU.Build.0 = Debug|Any CPU
		{FAF63FE6-1BA4-44C0-AC90-3CDC95B3DD94}.Release|Any CPU.ActiveCfg = Release|Any CPU
		{FAF63FE6-1BA4-44C0-AC90-3CDC95B3DD94}.Release|Any CPU.Build.0 = Release|Any CPU
		{156B4B61-298B-4303-8CE1-BF46610D5BA3}.Debug|Any CPU.ActiveCfg = Debug|Any CPU
		{156B4B61-298B-4303-8CE1-BF46610D5BA3}.Debug|Any CPU.Build.0 = Debug|Any CPU
		{156B4B61-298B-4303-8CE1-BF46610D5BA3}.Release|Any CPU.ActiveCfg = Release|Any CPU
		{156B4B61-298B-4303-8CE1-BF46610D5BA3}.Release|Any CPU.Build.0 = Release|Any CPU
		{494F1D61-4FBE-4515-B865-E8BABFAF1AAE}.Debug|Any CPU.ActiveCfg = Debug|Any CPU
		{494F1D61-4FBE-4515-B865-E8BABFAF1AAE}.Debug|Any CPU.Build.0 = Debug|Any CPU
		{494F1D61-4FBE-4515-B865-E8BABFAF1AAE}.Release|Any CPU.ActiveCfg = Release|Any CPU
		{494F1D61-4FBE-4515-B865-E8BABFAF1AAE}.Release|Any CPU.Build.0 = Release|Any CPU
		{C9C94CE2-2172-4CE0-81F1-F4190565D36F}.Debug|Any CPU.ActiveCfg = Debug|Any CPU
		{C9C94CE2-2172-4CE0-81F1-F4190565D36F}.Debug|Any CPU.Build.0 = Debug|Any CPU
		{C9C94CE2-2172-4CE0-81F1-F4190565D36F}.Release|Any CPU.ActiveCfg = Release|Any CPU
		{C9C94CE2-2172-4CE0-81F1-F4190565D36F}.Release|Any CPU.Build.0 = Release|Any CPU
		{83C09484-5771-4210-90D7-546AB79F4A80}.Debug|Any CPU.ActiveCfg = Debug|Any CPU
		{83C09484-5771-4210-90D7-546AB79F4A80}.Debug|Any CPU.Build.0 = Debug|Any CPU
		{83C09484-5771-4210-90D7-546AB79F4A80}.Release|Any CPU.ActiveCfg = Release|Any CPU
		{83C09484-5771-4210-90D7-546AB79F4A80}.Release|Any CPU.Build.0 = Release|Any CPU
		{F6659380-CE25-448C-9DAC-17A6CF6C88C2}.Debug|Any CPU.ActiveCfg = Debug|Any CPU
		{F6659380-CE25-448C-9DAC-17A6CF6C88C2}.Debug|Any CPU.Build.0 = Debug|Any CPU
		{F6659380-CE25-448C-9DAC-17A6CF6C88C2}.Release|Any CPU.ActiveCfg = Release|Any CPU
		{F6659380-CE25-448C-9DAC-17A6CF6C88C2}.Release|Any CPU.Build.0 = Release|Any CPU
		{F676C855-E04D-4207-A9D8-2E25FF7B039D}.Debug|Any CPU.ActiveCfg = Debug|Any CPU
		{F676C855-E04D-4207-A9D8-2E25FF7B039D}.Debug|Any CPU.Build.0 = Debug|Any CPU
		{F676C855-E04D-4207-A9D8-2E25FF7B039D}.Release|Any CPU.ActiveCfg = Release|Any CPU
		{F676C855-E04D-4207-A9D8-2E25FF7B039D}.Release|Any CPU.Build.0 = Release|Any CPU
		{EEE3465E-B50C-4AFB-B4D2-9D35ADF9F577}.Debug|Any CPU.ActiveCfg = Debug|Any CPU
		{EEE3465E-B50C-4AFB-B4D2-9D35ADF9F577}.Debug|Any CPU.Build.0 = Debug|Any CPU
		{EEE3465E-B50C-4AFB-B4D2-9D35ADF9F577}.Release|Any CPU.ActiveCfg = Release|Any CPU
		{EEE3465E-B50C-4AFB-B4D2-9D35ADF9F577}.Release|Any CPU.Build.0 = Release|Any CPU
		{E952E703-17E5-4D9F-B67E-177223A9C69A}.Debug|Any CPU.ActiveCfg = Debug|Any CPU
		{E952E703-17E5-4D9F-B67E-177223A9C69A}.Debug|Any CPU.Build.0 = Debug|Any CPU
		{E952E703-17E5-4D9F-B67E-177223A9C69A}.Release|Any CPU.ActiveCfg = Release|Any CPU
		{E952E703-17E5-4D9F-B67E-177223A9C69A}.Release|Any CPU.Build.0 = Release|Any CPU
		{4FE697A5-F35D-45A4-A3FD-EBBC36AC6E83}.Debug|Any CPU.ActiveCfg = Debug|Any CPU
		{4FE697A5-F35D-45A4-A3FD-EBBC36AC6E83}.Debug|Any CPU.Build.0 = Debug|Any CPU
		{4FE697A5-F35D-45A4-A3FD-EBBC36AC6E83}.Release|Any CPU.ActiveCfg = Release|Any CPU
		{4FE697A5-F35D-45A4-A3FD-EBBC36AC6E83}.Release|Any CPU.Build.0 = Release|Any CPU
		{46384BDA-F227-45C2-A848-33557ED0ABFE}.Debug|Any CPU.ActiveCfg = Debug|Any CPU
		{46384BDA-F227-45C2-A848-33557ED0ABFE}.Debug|Any CPU.Build.0 = Debug|Any CPU
		{46384BDA-F227-45C2-A848-33557ED0ABFE}.Release|Any CPU.ActiveCfg = Release|Any CPU
		{46384BDA-F227-45C2-A848-33557ED0ABFE}.Release|Any CPU.Build.0 = Release|Any CPU
		{B224DAAC-6F1E-4E09-8DEE-24836FEE24B9}.Debug|Any CPU.ActiveCfg = Debug|Any CPU
		{B224DAAC-6F1E-4E09-8DEE-24836FEE24B9}.Debug|Any CPU.Build.0 = Debug|Any CPU
		{B224DAAC-6F1E-4E09-8DEE-24836FEE24B9}.Release|Any CPU.ActiveCfg = Release|Any CPU
		{B224DAAC-6F1E-4E09-8DEE-24836FEE24B9}.Release|Any CPU.Build.0 = Release|Any CPU
		{F21E5D72-0816-4430-B5E6-B7E731BEE073}.Debug|Any CPU.ActiveCfg = Debug|Any CPU
		{F21E5D72-0816-4430-B5E6-B7E731BEE073}.Debug|Any CPU.Build.0 = Debug|Any CPU
		{F21E5D72-0816-4430-B5E6-B7E731BEE073}.Release|Any CPU.ActiveCfg = Release|Any CPU
		{F21E5D72-0816-4430-B5E6-B7E731BEE073}.Release|Any CPU.Build.0 = Release|Any CPU
		{73A9B392-F47A-472A-9F95-2C8C13B5AC68}.Debug|Any CPU.ActiveCfg = Debug|Any CPU
		{73A9B392-F47A-472A-9F95-2C8C13B5AC68}.Debug|Any CPU.Build.0 = Debug|Any CPU
		{73A9B392-F47A-472A-9F95-2C8C13B5AC68}.Release|Any CPU.ActiveCfg = Release|Any CPU
		{73A9B392-F47A-472A-9F95-2C8C13B5AC68}.Release|Any CPU.Build.0 = Release|Any CPU
		{A4E5585B-3978-4D3E-A2FE-22C3593F2982}.Debug|Any CPU.ActiveCfg = Debug|Any CPU
		{A4E5585B-3978-4D3E-A2FE-22C3593F2982}.Debug|Any CPU.Build.0 = Debug|Any CPU
		{A4E5585B-3978-4D3E-A2FE-22C3593F2982}.Release|Any CPU.ActiveCfg = Release|Any CPU
		{A4E5585B-3978-4D3E-A2FE-22C3593F2982}.Release|Any CPU.Build.0 = Release|Any CPU
		{129E5AA3-EC1A-4A39-BFD7-EAE946E1166D}.Debug|Any CPU.ActiveCfg = Debug|Any CPU
		{129E5AA3-EC1A-4A39-BFD7-EAE946E1166D}.Debug|Any CPU.Build.0 = Debug|Any CPU
		{129E5AA3-EC1A-4A39-BFD7-EAE946E1166D}.Release|Any CPU.ActiveCfg = Release|Any CPU
		{129E5AA3-EC1A-4A39-BFD7-EAE946E1166D}.Release|Any CPU.Build.0 = Release|Any CPU
		{146E7B75-DEE6-4E52-A3B4-F5018A8D4517}.Debug|Any CPU.ActiveCfg = Debug|Any CPU
		{146E7B75-DEE6-4E52-A3B4-F5018A8D4517}.Debug|Any CPU.Build.0 = Debug|Any CPU
		{146E7B75-DEE6-4E52-A3B4-F5018A8D4517}.Release|Any CPU.ActiveCfg = Release|Any CPU
		{146E7B75-DEE6-4E52-A3B4-F5018A8D4517}.Release|Any CPU.Build.0 = Release|Any CPU
		{2ADC6F65-08C3-482B-AF53-C441F4553A3C}.Debug|Any CPU.ActiveCfg = Debug|Any CPU
		{2ADC6F65-08C3-482B-AF53-C441F4553A3C}.Debug|Any CPU.Build.0 = Debug|Any CPU
		{2ADC6F65-08C3-482B-AF53-C441F4553A3C}.Release|Any CPU.ActiveCfg = Release|Any CPU
		{2ADC6F65-08C3-482B-AF53-C441F4553A3C}.Release|Any CPU.Build.0 = Release|Any CPU
		{D8C8DF44-C124-4DC2-B2F5-9A33EF7075BF}.Debug|Any CPU.ActiveCfg = Debug|Any CPU
		{D8C8DF44-C124-4DC2-B2F5-9A33EF7075BF}.Debug|Any CPU.Build.0 = Debug|Any CPU
		{D8C8DF44-C124-4DC2-B2F5-9A33EF7075BF}.Release|Any CPU.ActiveCfg = Release|Any CPU
		{D8C8DF44-C124-4DC2-B2F5-9A33EF7075BF}.Release|Any CPU.Build.0 = Release|Any CPU
		{043569D2-2DBE-4119-87C7-4266C051F9B5}.Debug|Any CPU.ActiveCfg = Debug|Any CPU
		{043569D2-2DBE-4119-87C7-4266C051F9B5}.Debug|Any CPU.Build.0 = Debug|Any CPU
		{043569D2-2DBE-4119-87C7-4266C051F9B5}.Release|Any CPU.ActiveCfg = Release|Any CPU
		{043569D2-2DBE-4119-87C7-4266C051F9B5}.Release|Any CPU.Build.0 = Release|Any CPU
		{6A5000FD-F7F4-49CD-9A44-AA079D5437F1}.Debug|Any CPU.ActiveCfg = Debug|Any CPU
		{6A5000FD-F7F4-49CD-9A44-AA079D5437F1}.Debug|Any CPU.Build.0 = Debug|Any CPU
		{6A5000FD-F7F4-49CD-9A44-AA079D5437F1}.Release|Any CPU.ActiveCfg = Release|Any CPU
		{6A5000FD-F7F4-49CD-9A44-AA079D5437F1}.Release|Any CPU.Build.0 = Release|Any CPU
		{7308A2C4-CC82-48E0-B710-D0F215A00292}.Debug|Any CPU.ActiveCfg = Debug|Any CPU
		{7308A2C4-CC82-48E0-B710-D0F215A00292}.Debug|Any CPU.Build.0 = Debug|Any CPU
		{7308A2C4-CC82-48E0-B710-D0F215A00292}.Release|Any CPU.ActiveCfg = Release|Any CPU
		{7308A2C4-CC82-48E0-B710-D0F215A00292}.Release|Any CPU.Build.0 = Release|Any CPU
		{918370CD-9828-4858-B4EE-CFAD7BB8A14A}.Debug|Any CPU.ActiveCfg = Debug|Any CPU
		{918370CD-9828-4858-B4EE-CFAD7BB8A14A}.Debug|Any CPU.Build.0 = Debug|Any CPU
		{918370CD-9828-4858-B4EE-CFAD7BB8A14A}.Release|Any CPU.ActiveCfg = Release|Any CPU
		{918370CD-9828-4858-B4EE-CFAD7BB8A14A}.Release|Any CPU.Build.0 = Release|Any CPU
		{0FA93932-CA3F-4A50-AA25-02EEA884BAE6}.Debug|Any CPU.ActiveCfg = Debug|Any CPU
		{0FA93932-CA3F-4A50-AA25-02EEA884BAE6}.Debug|Any CPU.Build.0 = Debug|Any CPU
		{0FA93932-CA3F-4A50-AA25-02EEA884BAE6}.Release|Any CPU.ActiveCfg = Release|Any CPU
		{0FA93932-CA3F-4A50-AA25-02EEA884BAE6}.Release|Any CPU.Build.0 = Release|Any CPU
		{BEFD3B11-EBE7-4DF3-90FE-CD48174C59B7}.Debug|Any CPU.ActiveCfg = Debug|Any CPU
		{BEFD3B11-EBE7-4DF3-90FE-CD48174C59B7}.Debug|Any CPU.Build.0 = Debug|Any CPU
		{BEFD3B11-EBE7-4DF3-90FE-CD48174C59B7}.Release|Any CPU.ActiveCfg = Release|Any CPU
		{BEFD3B11-EBE7-4DF3-90FE-CD48174C59B7}.Release|Any CPU.Build.0 = Release|Any CPU
		{BA092CE1-8664-4042-9F82-85F664D3B7F1}.Debug|Any CPU.ActiveCfg = Debug|Any CPU
		{BA092CE1-8664-4042-9F82-85F664D3B7F1}.Debug|Any CPU.Build.0 = Debug|Any CPU
		{BA092CE1-8664-4042-9F82-85F664D3B7F1}.Release|Any CPU.ActiveCfg = Release|Any CPU
		{BA092CE1-8664-4042-9F82-85F664D3B7F1}.Release|Any CPU.Build.0 = Release|Any CPU
		{49A6C7DA-C4C5-456A-8578-6622A324191F}.Debug|Any CPU.ActiveCfg = Debug|Any CPU
		{49A6C7DA-C4C5-456A-8578-6622A324191F}.Debug|Any CPU.Build.0 = Debug|Any CPU
		{49A6C7DA-C4C5-456A-8578-6622A324191F}.Release|Any CPU.ActiveCfg = Release|Any CPU
		{49A6C7DA-C4C5-456A-8578-6622A324191F}.Release|Any CPU.Build.0 = Release|Any CPU
		{F01ACDF0-BBA6-4F29-B27B-5D328E0D823B}.Debug|Any CPU.ActiveCfg = Debug|Any CPU
		{F01ACDF0-BBA6-4F29-B27B-5D328E0D823B}.Debug|Any CPU.Build.0 = Debug|Any CPU
		{F01ACDF0-BBA6-4F29-B27B-5D328E0D823B}.Release|Any CPU.ActiveCfg = Release|Any CPU
		{F01ACDF0-BBA6-4F29-B27B-5D328E0D823B}.Release|Any CPU.Build.0 = Release|Any CPU
		{9A2F4B8D-540E-4B8C-9D84-99FF6BB0984B}.Debug|Any CPU.ActiveCfg = Debug|Any CPU
		{9A2F4B8D-540E-4B8C-9D84-99FF6BB0984B}.Debug|Any CPU.Build.0 = Debug|Any CPU
		{9A2F4B8D-540E-4B8C-9D84-99FF6BB0984B}.Release|Any CPU.ActiveCfg = Release|Any CPU
		{9A2F4B8D-540E-4B8C-9D84-99FF6BB0984B}.Release|Any CPU.Build.0 = Release|Any CPU
		{E7561805-D9D1-4AC5-A562-0E7342011917}.Debug|Any CPU.ActiveCfg = Debug|Any CPU
		{E7561805-D9D1-4AC5-A562-0E7342011917}.Debug|Any CPU.Build.0 = Debug|Any CPU
		{E7561805-D9D1-4AC5-A562-0E7342011917}.Release|Any CPU.ActiveCfg = Release|Any CPU
		{E7561805-D9D1-4AC5-A562-0E7342011917}.Release|Any CPU.Build.0 = Release|Any CPU
		{8F4D126B-B4AA-41F7-9B81-3A7325D1C939}.Debug|Any CPU.ActiveCfg = Debug|Any CPU
		{8F4D126B-B4AA-41F7-9B81-3A7325D1C939}.Debug|Any CPU.Build.0 = Debug|Any CPU
		{8F4D126B-B4AA-41F7-9B81-3A7325D1C939}.Release|Any CPU.ActiveCfg = Release|Any CPU
		{8F4D126B-B4AA-41F7-9B81-3A7325D1C939}.Release|Any CPU.Build.0 = Release|Any CPU
		{0ADDFCDD-79F3-4711-B3F0-66B205A37AA1}.Debug|Any CPU.ActiveCfg = Debug|Any CPU
		{0ADDFCDD-79F3-4711-B3F0-66B205A37AA1}.Debug|Any CPU.Build.0 = Debug|Any CPU
		{0ADDFCDD-79F3-4711-B3F0-66B205A37AA1}.Release|Any CPU.ActiveCfg = Release|Any CPU
		{0ADDFCDD-79F3-4711-B3F0-66B205A37AA1}.Release|Any CPU.Build.0 = Release|Any CPU
		{727A8E87-01A9-42A0-BC08-0723B55A33C8}.Debug|Any CPU.ActiveCfg = Debug|Any CPU
		{727A8E87-01A9-42A0-BC08-0723B55A33C8}.Debug|Any CPU.Build.0 = Debug|Any CPU
		{727A8E87-01A9-42A0-BC08-0723B55A33C8}.Release|Any CPU.ActiveCfg = Release|Any CPU
		{727A8E87-01A9-42A0-BC08-0723B55A33C8}.Release|Any CPU.Build.0 = Release|Any CPU
		{9B01A6B0-F9F3-4C12-B5BD-A370CDD8E41C}.Debug|Any CPU.ActiveCfg = Debug|Any CPU
		{9B01A6B0-F9F3-4C12-B5BD-A370CDD8E41C}.Debug|Any CPU.Build.0 = Debug|Any CPU
		{9B01A6B0-F9F3-4C12-B5BD-A370CDD8E41C}.Release|Any CPU.ActiveCfg = Release|Any CPU
		{9B01A6B0-F9F3-4C12-B5BD-A370CDD8E41C}.Release|Any CPU.Build.0 = Release|Any CPU
		{F4E5B384-4282-4601-BB13-E9AF9D44B872}.Debug|Any CPU.ActiveCfg = Debug|Any CPU
		{F4E5B384-4282-4601-BB13-E9AF9D44B872}.Debug|Any CPU.Build.0 = Debug|Any CPU
		{F4E5B384-4282-4601-BB13-E9AF9D44B872}.Release|Any CPU.ActiveCfg = Release|Any CPU
		{F4E5B384-4282-4601-BB13-E9AF9D44B872}.Release|Any CPU.Build.0 = Release|Any CPU
		{EEE81646-4990-491A-AEC5-40414FC6419D}.Debug|Any CPU.ActiveCfg = Debug|Any CPU
		{EEE81646-4990-491A-AEC5-40414FC6419D}.Debug|Any CPU.Build.0 = Debug|Any CPU
		{EEE81646-4990-491A-AEC5-40414FC6419D}.Release|Any CPU.ActiveCfg = Release|Any CPU
		{EEE81646-4990-491A-AEC5-40414FC6419D}.Release|Any CPU.Build.0 = Release|Any CPU
		{D8C58C5F-A519-409B-A98A-6FA65BACC38A}.Debug|Any CPU.ActiveCfg = Debug|Any CPU
		{D8C58C5F-A519-409B-A98A-6FA65BACC38A}.Debug|Any CPU.Build.0 = Debug|Any CPU
		{D8C58C5F-A519-409B-A98A-6FA65BACC38A}.Release|Any CPU.ActiveCfg = Release|Any CPU
		{D8C58C5F-A519-409B-A98A-6FA65BACC38A}.Release|Any CPU.Build.0 = Release|Any CPU
		{0155C102-71AA-4465-9F8A-06391521627A}.Debug|Any CPU.ActiveCfg = Debug|Any CPU
		{0155C102-71AA-4465-9F8A-06391521627A}.Debug|Any CPU.Build.0 = Debug|Any CPU
		{0155C102-71AA-4465-9F8A-06391521627A}.Release|Any CPU.ActiveCfg = Release|Any CPU
		{0155C102-71AA-4465-9F8A-06391521627A}.Release|Any CPU.Build.0 = Release|Any CPU
		{47700194-D216-4648-8B13-73E69FE73363}.Debug|Any CPU.ActiveCfg = Debug|Any CPU
		{47700194-D216-4648-8B13-73E69FE73363}.Debug|Any CPU.Build.0 = Debug|Any CPU
		{47700194-D216-4648-8B13-73E69FE73363}.Release|Any CPU.ActiveCfg = Release|Any CPU
		{47700194-D216-4648-8B13-73E69FE73363}.Release|Any CPU.Build.0 = Release|Any CPU
		{C46AE6D9-009A-4528-BC08-79FD295EEBB3}.Debug|Any CPU.ActiveCfg = Debug|Any CPU
		{C46AE6D9-009A-4528-BC08-79FD295EEBB3}.Debug|Any CPU.Build.0 = Debug|Any CPU
		{C46AE6D9-009A-4528-BC08-79FD295EEBB3}.Release|Any CPU.ActiveCfg = Release|Any CPU
		{C46AE6D9-009A-4528-BC08-79FD295EEBB3}.Release|Any CPU.Build.0 = Release|Any CPU
		{FD044D03-CDAE-479B-BECE-C0D4EEB22BA4}.Debug|Any CPU.ActiveCfg = Debug|Any CPU
		{FD044D03-CDAE-479B-BECE-C0D4EEB22BA4}.Debug|Any CPU.Build.0 = Debug|Any CPU
		{FD044D03-CDAE-479B-BECE-C0D4EEB22BA4}.Release|Any CPU.ActiveCfg = Release|Any CPU
		{FD044D03-CDAE-479B-BECE-C0D4EEB22BA4}.Release|Any CPU.Build.0 = Release|Any CPU
		{3E86F857-B43F-4C4B-9BA4-9FF2E50A714C}.Debug|Any CPU.ActiveCfg = Debug|Any CPU
		{3E86F857-B43F-4C4B-9BA4-9FF2E50A714C}.Debug|Any CPU.Build.0 = Debug|Any CPU
		{3E86F857-B43F-4C4B-9BA4-9FF2E50A714C}.Release|Any CPU.ActiveCfg = Release|Any CPU
		{3E86F857-B43F-4C4B-9BA4-9FF2E50A714C}.Release|Any CPU.Build.0 = Release|Any CPU
		{D4D21B00-F3FD-4DFA-96EB-005AD1FB6096}.Debug|Any CPU.ActiveCfg = Debug|Any CPU
		{D4D21B00-F3FD-4DFA-96EB-005AD1FB6096}.Debug|Any CPU.Build.0 = Debug|Any CPU
		{D4D21B00-F3FD-4DFA-96EB-005AD1FB6096}.Release|Any CPU.ActiveCfg = Release|Any CPU
		{D4D21B00-F3FD-4DFA-96EB-005AD1FB6096}.Release|Any CPU.Build.0 = Release|Any CPU
		{C6E03C04-C6AD-4FA0-A650-3EFBE872CC56}.Debug|Any CPU.ActiveCfg = Debug|Any CPU
		{C6E03C04-C6AD-4FA0-A650-3EFBE872CC56}.Debug|Any CPU.Build.0 = Debug|Any CPU
		{C6E03C04-C6AD-4FA0-A650-3EFBE872CC56}.Release|Any CPU.ActiveCfg = Release|Any CPU
		{C6E03C04-C6AD-4FA0-A650-3EFBE872CC56}.Release|Any CPU.Build.0 = Release|Any CPU
		{C29796F8-C492-4FA2-B60E-AE5093ADF30C}.Debug|Any CPU.ActiveCfg = Debug|Any CPU
		{C29796F8-C492-4FA2-B60E-AE5093ADF30C}.Debug|Any CPU.Build.0 = Debug|Any CPU
		{C29796F8-C492-4FA2-B60E-AE5093ADF30C}.Release|Any CPU.ActiveCfg = Release|Any CPU
		{C29796F8-C492-4FA2-B60E-AE5093ADF30C}.Release|Any CPU.Build.0 = Release|Any CPU
		{8C44AE7F-E168-422A-9EE4-AA4A592368B7}.Debug|Any CPU.ActiveCfg = Debug|Any CPU
		{8C44AE7F-E168-422A-9EE4-AA4A592368B7}.Debug|Any CPU.Build.0 = Debug|Any CPU
		{8C44AE7F-E168-422A-9EE4-AA4A592368B7}.Release|Any CPU.ActiveCfg = Release|Any CPU
		{8C44AE7F-E168-422A-9EE4-AA4A592368B7}.Release|Any CPU.Build.0 = Release|Any CPU
	EndGlobalSection
	GlobalSection(SolutionProperties) = preSolution
		HideSolutionNode = FALSE
	EndGlobalSection
	GlobalSection(NestedProjects) = preSolution
		{50CDAB6E-DB13-42BF-B792-E7C3C2A4E0CF} = {DF822C6E-7437-4DEA-A335-AA33379D7782}
		{306E14D2-40B5-4827-B189-1C92ECFBB375} = {8F33E570-CCFD-4B38-915F-069D911E80FF}
		{D1C55314-DF1E-4D84-9BE6-F858A9A4FAF1} = {D99DB40A-0983-47A4-84E7-B4454B17486C}
		{766B8B84-AB5D-45D6-9DB2-9C4DF1964C81} = {D99DB40A-0983-47A4-84E7-B4454B17486C}
		{FAF63FE6-1BA4-44C0-AC90-3CDC95B3DD94} = {DF822C6E-7437-4DEA-A335-AA33379D7782}
		{156B4B61-298B-4303-8CE1-BF46610D5BA3} = {8F33E570-CCFD-4B38-915F-069D911E80FF}
		{494F1D61-4FBE-4515-B865-E8BABFAF1AAE} = {D99DB40A-0983-47A4-84E7-B4454B17486C}
		{C9C94CE2-2172-4CE0-81F1-F4190565D36F} = {D99DB40A-0983-47A4-84E7-B4454B17486C}
		{83C09484-5771-4210-90D7-546AB79F4A80} = {CC029F07-638E-4D8D-AE44-B58A1351FC57}
		{F6659380-CE25-448C-9DAC-17A6CF6C88C2} = {CC029F07-638E-4D8D-AE44-B58A1351FC57}
		{F676C855-E04D-4207-A9D8-2E25FF7B039D} = {CC029F07-638E-4D8D-AE44-B58A1351FC57}
		{EEE3465E-B50C-4AFB-B4D2-9D35ADF9F577} = {CC029F07-638E-4D8D-AE44-B58A1351FC57}
		{E952E703-17E5-4D9F-B67E-177223A9C69A} = {E2DC10F9-591E-4F77-A0D1-AA0519DBEB57}
		{4FE697A5-F35D-45A4-A3FD-EBBC36AC6E83} = {E2DC10F9-591E-4F77-A0D1-AA0519DBEB57}
		{46384BDA-F227-45C2-A848-33557ED0ABFE} = {E2DC10F9-591E-4F77-A0D1-AA0519DBEB57}
		{B224DAAC-6F1E-4E09-8DEE-24836FEE24B9} = {E2DC10F9-591E-4F77-A0D1-AA0519DBEB57}
		{F21E5D72-0816-4430-B5E6-B7E731BEE073} = {E2DC10F9-591E-4F77-A0D1-AA0519DBEB57}
		{73A9B392-F47A-472A-9F95-2C8C13B5AC68} = {E2DC10F9-591E-4F77-A0D1-AA0519DBEB57}
		{A4E5585B-3978-4D3E-A2FE-22C3593F2982} = {E2DC10F9-591E-4F77-A0D1-AA0519DBEB57}
		{129E5AA3-EC1A-4A39-BFD7-EAE946E1166D} = {E2DC10F9-591E-4F77-A0D1-AA0519DBEB57}
		{146E7B75-DEE6-4E52-A3B4-F5018A8D4517} = {E2DC10F9-591E-4F77-A0D1-AA0519DBEB57}
		{2ADC6F65-08C3-482B-AF53-C441F4553A3C} = {71407C31-DFA1-4C16-8C20-7AAEBA006E74}
		{D8C8DF44-C124-4DC2-B2F5-9A33EF7075BF} = {71407C31-DFA1-4C16-8C20-7AAEBA006E74}
		{043569D2-2DBE-4119-87C7-4266C051F9B5} = {71407C31-DFA1-4C16-8C20-7AAEBA006E74}
		{6A5000FD-F7F4-49CD-9A44-AA079D5437F1} = {E2DC10F9-591E-4F77-A0D1-AA0519DBEB57}
		{7308A2C4-CC82-48E0-B710-D0F215A00292} = {E2DC10F9-591E-4F77-A0D1-AA0519DBEB57}
		{918370CD-9828-4858-B4EE-CFAD7BB8A14A} = {E2DC10F9-591E-4F77-A0D1-AA0519DBEB57}
		{0FA93932-CA3F-4A50-AA25-02EEA884BAE6} = {E2DC10F9-591E-4F77-A0D1-AA0519DBEB57}
		{BEFD3B11-EBE7-4DF3-90FE-CD48174C59B7} = {E2DC10F9-591E-4F77-A0D1-AA0519DBEB57}
		{BA092CE1-8664-4042-9F82-85F664D3B7F1} = {CC029F07-638E-4D8D-AE44-B58A1351FC57}
		{6DD13A74-8CC9-49A2-AEA4-54E98B510DCE} = {2E226CDE-0486-4892-ABE8-18FC5BAB0AE8}
		{49A6C7DA-C4C5-456A-8578-6622A324191F} = {6DD13A74-8CC9-49A2-AEA4-54E98B510DCE}
		{F01ACDF0-BBA6-4F29-B27B-5D328E0D823B} = {6DD13A74-8CC9-49A2-AEA4-54E98B510DCE}
		{9A2F4B8D-540E-4B8C-9D84-99FF6BB0984B} = {6DD13A74-8CC9-49A2-AEA4-54E98B510DCE}
		{E7561805-D9D1-4AC5-A562-0E7342011917} = {6DD13A74-8CC9-49A2-AEA4-54E98B510DCE}
		{E199E465-C0B2-4F0E-BB17-BC8204149700} = {2E226CDE-0486-4892-ABE8-18FC5BAB0AE8}
		{8F4D126B-B4AA-41F7-9B81-3A7325D1C939} = {E199E465-C0B2-4F0E-BB17-BC8204149700}
		{0ADDFCDD-79F3-4711-B3F0-66B205A37AA1} = {E199E465-C0B2-4F0E-BB17-BC8204149700}
		{727A8E87-01A9-42A0-BC08-0723B55A33C8} = {E199E465-C0B2-4F0E-BB17-BC8204149700}
		{9B01A6B0-F9F3-4C12-B5BD-A370CDD8E41C} = {E199E465-C0B2-4F0E-BB17-BC8204149700}
		{6E62957D-22C2-444D-A732-E208C705DA12} = {2E226CDE-0486-4892-ABE8-18FC5BAB0AE8}
		{F4E5B384-4282-4601-BB13-E9AF9D44B872} = {6E62957D-22C2-444D-A732-E208C705DA12}
		{EEE81646-4990-491A-AEC5-40414FC6419D} = {6E62957D-22C2-444D-A732-E208C705DA12}
		{D8C58C5F-A519-409B-A98A-6FA65BACC38A} = {DF822C6E-7437-4DEA-A335-AA33379D7782}
		{0155C102-71AA-4465-9F8A-06391521627A} = {CC029F07-638E-4D8D-AE44-B58A1351FC57}
		{47700194-D216-4648-8B13-73E69FE73363} = {CC029F07-638E-4D8D-AE44-B58A1351FC57}
		{C46AE6D9-009A-4528-BC08-79FD295EEBB3} = {E2DC10F9-591E-4F77-A0D1-AA0519DBEB57}
		{FD044D03-CDAE-479B-BECE-C0D4EEB22BA4} = {E2DC10F9-591E-4F77-A0D1-AA0519DBEB57}
		{3E86F857-B43F-4C4B-9BA4-9FF2E50A714C} = {62874A6D-EB0F-4032-AC84-CF7471BBB68D}
		{D4D21B00-F3FD-4DFA-96EB-005AD1FB6096} = {62874A6D-EB0F-4032-AC84-CF7471BBB68D}
		{C6E03C04-C6AD-4FA0-A650-3EFBE872CC56} = {62874A6D-EB0F-4032-AC84-CF7471BBB68D}
		{C29796F8-C492-4FA2-B60E-AE5093ADF30C} = {62874A6D-EB0F-4032-AC84-CF7471BBB68D}
		{8C44AE7F-E168-422A-9EE4-AA4A592368B7} = {62874A6D-EB0F-4032-AC84-CF7471BBB68D}
	EndGlobalSection
	GlobalSection(ExtensibilityGlobals) = postSolution
		SolutionGuid = {BD8F5154-F3B7-457F-8235-F8717C16FA34}
	EndGlobalSection
EndGlobal
